<?xml version="1.0" encoding="utf-8"?>
<Project ToolsVersion="4.0" xmlns="http://schemas.microsoft.com/developer/msbuild/2003">
  <ItemGroup>
    <Filter Include="Resource Files">
      <UniqueIdentifier>{67DA6AB6-F800-4c08-8B7A-83BB121AAD01}</UniqueIdentifier>
      <Extensions>rc;ico;cur;bmp;dlg;rc2;rct;bin;rgs;gif;jpg;jpeg;jpe;resx;tiff;tif;png;wav;mfcribbon-ms</Extensions>
    </Filter>
    <Filter Include="Game">
      <UniqueIdentifier>{69630895-656d-4b9a-bf2e-c2b2c8946127}</UniqueIdentifier>
    </Filter>
    <Filter Include="PCH">
      <UniqueIdentifier>{d246bec0-074e-4c6a-9256-af955fa7cbe2}</UniqueIdentifier>
    </Filter>
    <Filter Include="Main">
      <UniqueIdentifier>{1b8723a0-6908-420e-ac29-39b8d99dc6aa}</UniqueIdentifier>
    </Filter>
    <Filter Include="Game\Manager">
      <UniqueIdentifier>{c2989ab6-5082-4c45-8f66-e1b3448df418}</UniqueIdentifier>
    </Filter>
    <Filter Include="Game\Header">
      <UniqueIdentifier>{e7a64c22-6820-4156-8be8-4c4ca57c5560}</UniqueIdentifier>
    </Filter>
    <Filter Include="Game\Define">
      <UniqueIdentifier>{45277063-905c-4d94-ba66-2c28c6de2ac0}</UniqueIdentifier>
    </Filter>
    <Filter Include="Game\Core">
      <UniqueIdentifier>{c05999c8-4cfb-40f0-b0d7-966983531794}</UniqueIdentifier>
    </Filter>
    <Filter Include="Game\Object">
      <UniqueIdentifier>{f7e07798-b830-42f3-97a6-820c36b7673f}</UniqueIdentifier>
    </Filter>
    <Filter Include="Game\Scene">
      <UniqueIdentifier>{25eb7f57-1b5c-420f-a3c5-81cbf9c8d71a}</UniqueIdentifier>
    </Filter>
    <Filter Include="Game\Resource">
      <UniqueIdentifier>{62ab8b19-bed6-4eb0-9b36-c24559c3084b}</UniqueIdentifier>
    </Filter>
    <Filter Include="Game\Resource\Sound">
      <UniqueIdentifier>{3fd0fda7-614e-4f12-b988-64366bbeccb2}</UniqueIdentifier>
    </Filter>
    <Filter Include="Game\Resource\Texture">
      <UniqueIdentifier>{c05c8a7a-8e63-46dc-b46f-314d8b209f59}</UniqueIdentifier>
    </Filter>
    <Filter Include="Game\Manager\Camera">
      <UniqueIdentifier>{9a4d49b9-df01-4dcb-a34a-4668ec19d53c}</UniqueIdentifier>
    </Filter>
    <Filter Include="Game\Manager\CollisionMgr">
      <UniqueIdentifier>{9dfad5b6-d8bd-4cb3-8b4c-6694a69a82b5}</UniqueIdentifier>
    </Filter>
    <Filter Include="Game\Component">
      <UniqueIdentifier>{fec7e179-47c9-4af9-a7ec-606366f88d6a}</UniqueIdentifier>
    </Filter>
    <Filter Include="Game\Component\Collider">
      <UniqueIdentifier>{7f322ffb-5b0d-4209-8d08-447f876f679a}</UniqueIdentifier>
    </Filter>
    <Filter Include="Game\Component\Collider\ColliderCircle">
      <UniqueIdentifier>{7cf8e71b-ee9a-4e97-adcc-55dec18ce897}</UniqueIdentifier>
    </Filter>
    <Filter Include="Game\Component\Collider\ColliderRect">
      <UniqueIdentifier>{981494e8-5382-4a45-a287-3acf4c161137}</UniqueIdentifier>
    </Filter>
    <Filter Include="Game\Component\Animator">
      <UniqueIdentifier>{d467c61a-dcd3-4381-90a8-6c42236b9702}</UniqueIdentifier>
    </Filter>
    <Filter Include="Game\Object\PlaneShooting_PJ">
      <UniqueIdentifier>{18a16bff-4753-4925-bc62-b60f7b7ba110}</UniqueIdentifier>
    </Filter>
    <Filter Include="Game\Object\PlaneShooting_PJ\Player">
      <UniqueIdentifier>{7b7b2818-9eea-4d5e-84ae-089a73500722}</UniqueIdentifier>
    </Filter>
    <Filter Include="Game\Object\PlaneShooting_PJ\MonsterSmall">
      <UniqueIdentifier>{992249d1-780c-4e20-8460-195afcb2a0c9}</UniqueIdentifier>
    </Filter>
    <Filter Include="Game\Object\PlaneShooting_PJ\Background">
      <UniqueIdentifier>{318908e4-01f9-4f1c-9d6b-7b79beafa142}</UniqueIdentifier>
    </Filter>
    <Filter Include="Game\Object\PlaneShooting_PJ\BackgroundController">
      <UniqueIdentifier>{5c70de07-0285-4f3d-8de6-9594694380b6}</UniqueIdentifier>
    </Filter>
    <Filter Include="Game\Object\PlaneShooting_PJ\Missile">
      <UniqueIdentifier>{6a91d4ca-b9f3-4193-9166-c5c7572e59df}</UniqueIdentifier>
    </Filter>
    <Filter Include="Game\Object\PlaneShooting_PJ\Monster">
      <UniqueIdentifier>{de960475-96bb-42fd-8517-d2c81ad5a4eb}</UniqueIdentifier>
    </Filter>
    <Filter Include="Game\Object\PlaneShooting_PJ\MonsterRespawner">
      <UniqueIdentifier>{720b29ce-8cca-4e40-8732-e3f626d52c56}</UniqueIdentifier>
    </Filter>
    <Filter Include="Game\Scene\Gta_PJ">
      <UniqueIdentifier>{bd590f74-6fc9-468a-bddd-f1f30131b0b3}</UniqueIdentifier>
    </Filter>
    <Filter Include="Game\Scene\Gta_PJ\Scene_Main">
      <UniqueIdentifier>{b611988f-5465-4cd0-ad75-344a9f91d867}</UniqueIdentifier>
    </Filter>
    <Filter Include="Game\Scene\Gta_PJ\Scene_InGame">
      <UniqueIdentifier>{35175435-403f-4df8-a4bf-a80d55c78b92}</UniqueIdentifier>
    </Filter>
    <Filter Include="Game\Object\Rigidbody">
      <UniqueIdentifier>{5907db62-b3da-4167-a762-241f6b592590}</UniqueIdentifier>
    </Filter>
    <Filter Include="Game\Scene\PlaneShooting_PJ">
      <UniqueIdentifier>{ff76d25b-7a84-4618-972d-19b9d9444d69}</UniqueIdentifier>
    </Filter>
    <Filter Include="Game\Scene\PlaneShooting_PJ\StartScene">
      <UniqueIdentifier>{3097f2a2-5e39-4017-a472-ecedbe049283}</UniqueIdentifier>
    </Filter>
    <Filter Include="Game\Scene\PlaneShooting_PJ\Stage01">
      <UniqueIdentifier>{6c8127a0-e178-4805-8927-1f3c3f55cad5}</UniqueIdentifier>
    </Filter>
    <Filter Include="Game\Scene\PlaneShooting_PJ\Tool">
      <UniqueIdentifier>{0bd1a2b5-e7de-40c3-8d9a-1d08fea45614}</UniqueIdentifier>
    </Filter>
    <Filter Include="Game\Object\TileMap">
      <UniqueIdentifier>{1c6b6a54-4cab-4705-944c-53470ac4e7c8}</UniqueIdentifier>
    </Filter>
    <Filter Include="Game\Object\Tile">
      <UniqueIdentifier>{b216cafa-70c3-4eee-9909-ca56982be4f5}</UniqueIdentifier>
    </Filter>
    <Filter Include="Game\Object\UI">
      <UniqueIdentifier>{305d8c27-98ad-4016-a7e9-2485d3e0ad59}</UniqueIdentifier>
    </Filter>
    <Filter Include="Game\Manager\UIMgr">
      <UniqueIdentifier>{702c0907-852d-412e-94c2-4d4bcf1b86d0}</UniqueIdentifier>
    </Filter>
    <Filter Include="Game\Object\EventTrigger">
      <UniqueIdentifier>{ea83af06-4d01-49c3-afd6-f763680152f2}</UniqueIdentifier>
    </Filter>
    <Filter Include="Game\Manager\DebugMgr">
      <UniqueIdentifier>{c246ea6f-176f-49a3-9348-62f1cc5ba058}</UniqueIdentifier>
    </Filter>
    <Filter Include="Game\Manager\PathMgr">
      <UniqueIdentifier>{62a679d1-18cb-47a5-96e7-08380d7be658}</UniqueIdentifier>
    </Filter>
    <Filter Include="Game\Manager\ResourceMgr">
      <UniqueIdentifier>{8c5863a7-9165-4464-855d-24b59401b8f4}</UniqueIdentifier>
    </Filter>
    <Filter Include="Game\Manager\TimeMgr">
      <UniqueIdentifier>{283b5d03-e5f8-45b2-a6b3-5d854c556323}</UniqueIdentifier>
    </Filter>
    <Filter Include="Game\Manager\SceneMgr">
      <UniqueIdentifier>{af17edd6-b2f6-47b5-b7b1-2b1052696da3}</UniqueIdentifier>
    </Filter>
    <Filter Include="Game\Manager\KeyMgr">
      <UniqueIdentifier>{cd384857-01d8-4966-99cc-3034a919db26}</UniqueIdentifier>
    </Filter>
    <Filter Include="Game\Manager\EventMgr">
      <UniqueIdentifier>{c458175f-5a31-4d83-806f-e434afc6145b}</UniqueIdentifier>
    </Filter>
  </ItemGroup>
  <ItemGroup>
    <ClInclude Include="stdafx.h">
      <Filter>PCH</Filter>
    </ClInclude>
    <ClInclude Include="Define.h">
      <Filter>Game\Define</Filter>
    </ClInclude>
    <ClInclude Include="CTimeManager.h">
      <Filter>Game\Manager\TimeMgr</Filter>
    </ClInclude>
    <ClInclude Include="CKeyManager.h">
      <Filter>Game\Manager\KeyMgr</Filter>
    </ClInclude>
    <ClInclude Include="framework.h">
      <Filter>Main</Filter>
    </ClInclude>
    <ClInclude Include="Resource.h">
      <Filter>Main</Filter>
    </ClInclude>
    <ClInclude Include="targetver.h">
      <Filter>Main</Filter>
    </ClInclude>
    <ClInclude Include="WinAPI.h">
      <Filter>Main</Filter>
    </ClInclude>
    <ClInclude Include="CCore.h">
      <Filter>Game\Core</Filter>
    </ClInclude>
    <ClInclude Include="CObject.h">
      <Filter>Game\Object</Filter>
    </ClInclude>
    <ClInclude Include="Struct.h">
      <Filter>Game\Define</Filter>
    </ClInclude>
    <ClInclude Include="CScene.h">
      <Filter>Game\Scene</Filter>
    </ClInclude>
    <ClInclude Include="CSceneManager.h">
      <Filter>Game\Manager\SceneMgr</Filter>
    </ClInclude>
    <ClInclude Include="CPlayer.h">
      <Filter>Game\Object\PlaneShooting_PJ\Player</Filter>
    </ClInclude>
    <ClInclude Include="CScene_Stage01.h">
      <Filter>Game\Scene\PlaneShooting_PJ\Stage01</Filter>
    </ClInclude>
    <ClInclude Include="CScene_Start.h">
      <Filter>Game\Scene\PlaneShooting_PJ\StartScene</Filter>
    </ClInclude>
    <ClInclude Include="CPathManager.h">
      <Filter>Game\Manager\PathMgr</Filter>
    </ClInclude>
    <ClInclude Include="CMonsterPath.h">
      <Filter>Game\Object\PlaneShooting_PJ\Monster</Filter>
    </ClInclude>
    <ClInclude Include="CMonster.h">
      <Filter>Game\Object\PlaneShooting_PJ\Monster</Filter>
    </ClInclude>
    <ClInclude Include="CTexture.h">
      <Filter>Game\Resource\Texture</Filter>
    </ClInclude>
    <ClInclude Include="CResourceManager.h">
      <Filter>Game\Manager\ResourceMgr</Filter>
    </ClInclude>
    <ClInclude Include="CResource.h">
      <Filter>Game\Resource</Filter>
    </ClInclude>
    <ClInclude Include="CSound.h">
      <Filter>Game\Resource\Sound</Filter>
    </ClInclude>
    <ClInclude Include="StringTable.h">
      <Filter>Game\Define</Filter>
    </ClInclude>
    <ClInclude Include="CMissile.h">
      <Filter>Game\Object\PlaneShooting_PJ\Missile</Filter>
    </ClInclude>
    <ClInclude Include="CCamera.h">
      <Filter>Game\Manager\Camera</Filter>
    </ClInclude>
    <ClInclude Include="CCollider.h">
      <Filter>Game\Component\Collider</Filter>
    </ClInclude>
    <ClInclude Include="CCollisionManager.h">
      <Filter>Game\Manager\CollisionMgr</Filter>
    </ClInclude>
    <ClInclude Include="CColliderCircle.h">
      <Filter>Game\Component\Collider\ColliderCircle</Filter>
    </ClInclude>
    <ClInclude Include="CColliderRect.h">
      <Filter>Game\Component\Collider\ColliderRect</Filter>
    </ClInclude>
    <ClInclude Include="CEventManager.h">
      <Filter>Game\Manager\EventMgr</Filter>
    </ClInclude>
    <ClInclude Include="Func.h">
      <Filter>Game\Define</Filter>
    </ClInclude>
    <ClInclude Include="CMonsterRespawner.h">
      <Filter>Game\Object\PlaneShooting_PJ\MonsterRespawner</Filter>
    </ClInclude>
    <ClInclude Include="CMonster_Small.h">
      <Filter>Game\Object\PlaneShooting_PJ\MonsterSmall</Filter>
    </ClInclude>
    <ClInclude Include="CBackground.h">
      <Filter>Game\Object\PlaneShooting_PJ\Background</Filter>
    </ClInclude>
    <ClInclude Include="CBackgroundController.h">
      <Filter>Game\Object\PlaneShooting_PJ\BackgroundController</Filter>
    </ClInclude>
    <ClInclude Include="CAnimator.h">
      <Filter>Game\Component\Animator</Filter>
    </ClInclude>
    <ClInclude Include="CAnimation.h">
      <Filter>Game\Component\Animator</Filter>
    </ClInclude>
    <ClInclude Include="Tools.h">
      <Filter>Game\Define</Filter>
    </ClInclude>
    <ClInclude Include="CRigidbody2D.h">
      <Filter>Game\Object\Rigidbody</Filter>
    </ClInclude>
    <ClInclude Include="CRigidbody.h">
      <Filter>Game\Object\Rigidbody</Filter>
    </ClInclude>
    <ClInclude Include="CScene_Tool.h">
      <Filter>Game\Scene\PlaneShooting_PJ\Tool</Filter>
    </ClInclude>
    <ClInclude Include="CTileMap.h">
      <Filter>Game\Object\TileMap</Filter>
    </ClInclude>
    <ClInclude Include="CTile.h">
      <Filter>Game\Object\Tile</Filter>
    </ClInclude>
    <ClInclude Include="CUI.h">
      <Filter>Game\Object\UI</Filter>
    </ClInclude>
    <ClInclude Include="CUIManager.h">
      <Filter>Game\Manager\UIMgr</Filter>
    </ClInclude>
    <ClInclude Include="CDebug.h">
      <Filter>Game\Manager\DebugMgr</Filter>
    </ClInclude>
  </ItemGroup>
  <ItemGroup>
    <ResourceCompile Include="WinAPI.rc">
      <Filter>Resource Files</Filter>
    </ResourceCompile>
  </ItemGroup>
  <ItemGroup>
    <Image Include="small.ico">
      <Filter>Resource Files</Filter>
    </Image>
    <Image Include="WinAPI.ico">
      <Filter>Resource Files</Filter>
    </Image>
  </ItemGroup>
  <ItemGroup>
    <ClCompile Include="CTimeManager.cpp">
      <Filter>Game\Manager\TimeMgr</Filter>
    </ClCompile>
    <ClCompile Include="CKeyManager.cpp">
      <Filter>Game\Manager\KeyMgr</Filter>
    </ClCompile>
    <ClCompile Include="CCore.cpp">
      <Filter>Game\Core</Filter>
    </ClCompile>
    <ClCompile Include="CObject.cpp">
      <Filter>Game\Object</Filter>
    </ClCompile>
    <ClCompile Include="Main.cpp">
      <Filter>Main</Filter>
    </ClCompile>
    <ClCompile Include="CScene.cpp">
      <Filter>Game\Scene</Filter>
    </ClCompile>
    <ClCompile Include="CSceneManager.cpp">
      <Filter>Game\Manager\SceneMgr</Filter>
    </ClCompile>
    <ClCompile Include="CPlayer.cpp">
      <Filter>Game\Object\PlaneShooting_PJ\Player</Filter>
    </ClCompile>
    <ClCompile Include="CScene_Stage01.cpp">
      <Filter>Game\Scene\PlaneShooting_PJ\Stage01</Filter>
    </ClCompile>
    <ClCompile Include="CScene_Start.cpp">
      <Filter>Game\Scene\PlaneShooting_PJ\StartScene</Filter>
    </ClCompile>
    <ClCompile Include="CPathManager.cpp">
      <Filter>Game\Manager\PathMgr</Filter>
    </ClCompile>
    <ClCompile Include="CMonster.cpp">
      <Filter>Game\Object\PlaneShooting_PJ\Monster</Filter>
    </ClCompile>
    <ClCompile Include="CMonsterPath.cpp">
      <Filter>Game\Object\PlaneShooting_PJ\Monster</Filter>
    </ClCompile>
    <ClCompile Include="CTexture.cpp">
      <Filter>Game\Resource\Texture</Filter>
    </ClCompile>
    <ClCompile Include="CResourceManager.cpp">
      <Filter>Game\Manager\ResourceMgr</Filter>
    </ClCompile>
    <ClCompile Include="CResource.cpp">
      <Filter>Game\Resource</Filter>
    </ClCompile>
    <ClCompile Include="CSound.cpp">
      <Filter>Game\Resource\Sound</Filter>
    </ClCompile>
    <ClCompile Include="CMissile.cpp">
      <Filter>Game\Object\PlaneShooting_PJ\Missile</Filter>
    </ClCompile>
    <ClCompile Include="CCamera.cpp">
      <Filter>Game\Manager\Camera</Filter>
    </ClCompile>
    <ClCompile Include="CCollider.cpp">
      <Filter>Game\Component\Collider</Filter>
    </ClCompile>
    <ClCompile Include="CCollisionManager.cpp">
      <Filter>Game\Manager\CollisionMgr</Filter>
    </ClCompile>
    <ClCompile Include="CColliderCircle.cpp">
      <Filter>Game\Component\Collider\ColliderCircle</Filter>
    </ClCompile>
    <ClCompile Include="CColliderRect.cpp">
      <Filter>Game\Component\Collider\ColliderRect</Filter>
    </ClCompile>
    <ClCompile Include="CEventManager.cpp">
      <Filter>Game\Manager\EventMgr</Filter>
    </ClCompile>
    <ClCompile Include="Func.cpp">
      <Filter>Game\Define</Filter>
    </ClCompile>
    <ClCompile Include="CMonsterRespawner.cpp">
      <Filter>Game\Object\PlaneShooting_PJ\MonsterRespawner</Filter>
    </ClCompile>
    <ClCompile Include="CMonster_Small.cpp">
      <Filter>Game\Object\PlaneShooting_PJ\MonsterSmall</Filter>
    </ClCompile>
    <ClCompile Include="CBackground.cpp">
      <Filter>Game\Object\PlaneShooting_PJ\Background</Filter>
    </ClCompile>
    <ClCompile Include="CBackgroundController.cpp">
      <Filter>Game\Object\PlaneShooting_PJ\BackgroundController</Filter>
    </ClCompile>
    <ClCompile Include="CAnimator.cpp">
      <Filter>Game\Component\Animator</Filter>
    </ClCompile>
    <ClCompile Include="CAnimation.cpp">
      <Filter>Game\Component\Animator</Filter>
    </ClCompile>
    <ClCompile Include="Tools.cpp">
      <Filter>Game\Define</Filter>
    </ClCompile>
    <ClCompile Include="CRigidbody2D.cpp">
      <Filter>Game\Object\Rigidbody</Filter>
    </ClCompile>
    <ClCompile Include="CRigidbody.cpp">
      <Filter>Game\Object\Rigidbody</Filter>
    </ClCompile>
    <ClCompile Include="CScene_Tool.cpp">
      <Filter>Game\Scene\PlaneShooting_PJ\Tool</Filter>
    </ClCompile>
    <ClCompile Include="CTileMap.cpp">
      <Filter>Game\Object\TileMap</Filter>
    </ClCompile>
    <ClCompile Include="CTile.cpp">
      <Filter>Game\Object\Tile</Filter>
    </ClCompile>
    <ClCompile Include="CUI.cpp">
      <Filter>Game\Object\UI</Filter>
    </ClCompile>
    <ClCompile Include="CUIManager.cpp">
      <Filter>Game\Manager\UIMgr</Filter>
    </ClCompile>
    <ClCompile Include="CDebug.cpp">
      <Filter>Game\Manager\DebugMgr</Filter>
    </ClCompile>
  </ItemGroup>
  <ItemGroup>
    <None Include="arrow.cur">
      <Filter>Resource Files</Filter>
    </None>
  </ItemGroup>
</Project>